// !$*UTF8*$!
{
	archiveVersion = 1;
	classes = {
	};
	objectVersion = 46;
	objects = {

/* Begin PBXBuildFile section */
		7A8A31061F4CD62000D700A1 /* AppDelegate.swift in Sources */ = {isa = PBXBuildFile; fileRef = 7A8A31051F4CD62000D700A1 /* AppDelegate.swift */; };
		7A8A31081F4CD62000D700A1 /* ViewController.swift in Sources */ = {isa = PBXBuildFile; fileRef = 7A8A31071F4CD62000D700A1 /* ViewController.swift */; };
		7A8A310B1F4CD62000D700A1 /* Main.storyboard in Resources */ = {isa = PBXBuildFile; fileRef = 7A8A31091F4CD62000D700A1 /* Main.storyboard */; };
		7A8A310D1F4CD62000D700A1 /* Assets.xcassets in Resources */ = {isa = PBXBuildFile; fileRef = 7A8A310C1F4CD62000D700A1 /* Assets.xcassets */; };
		7A8A31101F4CD62000D700A1 /* LaunchScreen.storyboard in Resources */ = {isa = PBXBuildFile; fileRef = 7A8A310E1F4CD62000D700A1 /* LaunchScreen.storyboard */; };
/* End PBXBuildFile section */

/* Begin PBXFileReference section */
		7A8A31021F4CD61F00D700A1 /* InstaSample.app */ = {isa = PBXFileReference; explicitFileType = wrapper.application; includeInIndex = 0; path = InstaSample.app; sourceTree = BUILT_PRODUCTS_DIR; };
		7A8A31051F4CD62000D700A1 /* AppDelegate.swift */ = {isa = PBXFileReference; lastKnownFileType = sourcecode.swift; path = AppDelegate.swift; sourceTree = "<group>"; };
		7A8A31071F4CD62000D700A1 /* ViewController.swift */ = {isa = PBXFileReference; lastKnownFileType = sourcecode.swift; path = ViewController.swift; sourceTree = "<group>"; };
		7A8A310A1F4CD62000D700A1 /* Base */ = {isa = PBXFileReference; lastKnownFileType = file.storyboard; name = Base; path = Base.lproj/Main.storyboard; sourceTree = "<group>"; };
		7A8A310C1F4CD62000D700A1 /* Assets.xcassets */ = {isa = PBXFileReference; lastKnownFileType = folder.assetcatalog; path = Assets.xcassets; sourceTree = "<group>"; };
		7A8A310F1F4CD62000D700A1 /* Base */ = {isa = PBXFileReference; lastKnownFileType = file.storyboard; name = Base; path = Base.lproj/LaunchScreen.storyboard; sourceTree = "<group>"; };
		7A8A31111F4CD62000D700A1 /* Info.plist */ = {isa = PBXFileReference; lastKnownFileType = text.plist.xml; path = Info.plist; sourceTree = "<group>"; };
/* End PBXFileReference section */

/* Begin PBXFrameworksBuildPhase section */
		7A8A30FF1F4CD61F00D700A1 /* Frameworks */ = {
			isa = PBXFrameworksBuildPhase;
			buildActionMask = 2147483647;
			files = (
			);
			runOnlyForDeploymentPostprocessing = 0;
		};
/* End PBXFrameworksBuildPhase section */

/* Begin PBXGroup section */
		7A8A30F91F4CD61F00D700A1 = {
			isa = PBXGroup;
			children = (
				7A8A31041F4CD62000D700A1 /* InstaSample */,
				7A8A31031F4CD61F00D700A1 /* Products */,
			);
			sourceTree = "<group>";
		};
		7A8A31031F4CD61F00D700A1 /* Products */ = {
			isa = PBXGroup;
			children = (
				7A8A31021F4CD61F00D700A1 /* InstaSample.app */,
			);
			name = Products;
			sourceTree = "<group>";
		};
		7A8A31041F4CD62000D700A1 /* InstaSample */ = {
			isa = PBXGroup;
			children = (
				7A8A31051F4CD62000D700A1 /* AppDelegate.swift */,
				7A8A31071F4CD62000D700A1 /* ViewController.swift */,
				7A8A31091F4CD62000D700A1 /* Main.storyboard */,
				7A8A310C1F4CD62000D700A1 /* Assets.xcassets */,
				7A8A310E1F4CD62000D700A1 /* LaunchScreen.storyboard */,
				7A8A31111F4CD62000D700A1 /* Info.plist */,
			);
			path = InstaSample;
			sourceTree = "<group>";
		};
/* End PBXGroup section */

/* Begin PBXNativeTarget section */
		7A8A31011F4CD61F00D700A1 /* InstaSample */ = {
			isa = PBXNativeTarget;
			buildConfigurationList = 7A8A31141F4CD62000D700A1 /* Build configuration list for PBXNativeTarget "InstaSample" */;
			buildPhases = (
				7A8A30FE1F4CD61F00D700A1 /* Sources */,
				7A8A30FF1F4CD61F00D700A1 /* Frameworks */,
				7A8A31001F4CD61F00D700A1 /* Resources */,
			);
			buildRules = (
			);
			dependencies = (
			);
			name = InstaSample;
			productName = InstaSample;
			productReference = 7A8A31021F4CD61F00D700A1 /* InstaSample.app */;
			productType = "com.apple.product-type.application";
		};
/* End PBXNativeTarget section */

/* Begin PBXProject section */
		7A8A30FA1F4CD61F00D700A1 /* Project object */ = {
			isa = PBXProject;
			attributes = {
				LastSwiftUpdateCheck = 0830;
				LastUpgradeCheck = 0830;
				ORGANIZATIONNAME = "Ylab, Inc.";
				TargetAttributes = {
					7A8A31011F4CD61F00D700A1 = {
						CreatedOnToolsVersion = 8.3.3;
						ProvisioningStyle = Automatic;
					};
				};
			};
			buildConfigurationList = 7A8A30FD1F4CD61F00D700A1 /* Build configuration list for PBXProject "InstaSample" */;
			compatibilityVersion = "Xcode 3.2";
			developmentRegion = English;
			hasScannedForEncodings = 0;
			knownRegions = (
				en,
				Base,
			);
			mainGroup = 7A8A30F91F4CD61F00D700A1;
			productRefGroup = 7A8A31031F4CD61F00D700A1 /* Products */;
			projectDirPath = "";
			projectRoot = "";
			targets = (
				7A8A31011F4CD61F00D700A1 /* InstaSample */,
			);
		};
/* End PBXProject section */

/* Begin PBXResourcesBuildPhase section */
		7A8A31001F4CD61F00D700A1 /* Resources */ = {
			isa = PBXResourcesBuildPhase;
			buildActionMask = 2147483647;
			files = (
				7A8A31101F4CD62000D700A1 /* LaunchScreen.storyboard in Resources */,
				7A8A310D1F4CD62000D700A1 /* Assets.xcassets in Resources */,
				7A8A310B1F4CD62000D700A1 /* Main.storyboard in Resources */,
			);
			runOnlyForDeploymentPostprocessing = 0;
		};
/* End PBXResourcesBuildPhase section */

/* Begin PBXSourcesBuildPhase section */
		7A8A30FE1F4CD61F00D700A1 /* Sources */ = {
			isa = PBXSourcesBuildPhase;
			buildActionMask = 2147483647;
			files = (
				7A8A31081F4CD62000D700A1 /* ViewController.swift in Sources */,
				7A8A31061F4CD62000D700A1 /* AppDelegate.swift in Sources */,
			);
			runOnlyForDeploymentPostprocessing = 0;
		};
/* End PBXSourcesBuildPhase section */

/* Begin PBXVariantGroup section */
		7A8A31091F4CD62000D700A1 /* Main.storyboard */ = {
			isa = PBXVariantGroup;
			children = (
				7A8A310A1F4CD62000D700A1 /* Base */,
			);
			name = Main.storyboard;
			sourceTree = "<group>";
		};
		7A8A310E1F4CD62000D700A1 /* LaunchScreen.storyboard */ = {
			isa = PBXVariantGroup;
			children = (
				7A8A310F1F4CD62000D700A1 /* Base */,
			);
			name = LaunchScreen.storyboard;
			sourceTree = "<group>";
		};
/* End PBXVariantGroup section */

/* Begin XCBuildConfiguration section */
		7A8A31121F4CD62000D700A1 /* Debug */ = {
			isa = XCBuildConfiguration;
			buildSettings = {
				ALWAYS_SEARCH_USER_PATHS = NO;
				CLANG_ANALYZER_NONNULL = YES;
				CLANG_ANALYZER_NUMBER_OBJECT_CONVERSION = YES_AGGRESSIVE;
				CLANG_CXX_LANGUAGE_STANDARD = "gnu++0x";
				CLANG_CXX_LIBRARY = "libc++";
				CLANG_ENABLE_MODULES = YES;
				CLANG_ENABLE_OBJC_ARC = YES;
				CLANG_WARN_BOOL_CONVERSION = YES;
				CLANG_WARN_CONSTANT_CONVERSION = YES;
				CLANG_WARN_DIRECT_OBJC_ISA_USAGE = YES_ERROR;
				CLANG_WARN_DOCUMENTATION_COMMENTS = YES;
				CLANG_WARN_EMPTY_BODY = YES;
				CLANG_WARN_ENUM_CONVERSION = YES;
				CLANG_WARN_INFINITE_RECURSION = YES;
				CLANG_WARN_INT_CONVERSION = YES;
				CLANG_WARN_OBJC_ROOT_CLASS = YES_ERROR;
				CLANG_WARN_SUSPICIOUS_MOVE = YES;
				CLANG_WARN_UNREACHABLE_CODE = YES;
				CLANG_WARN__DUPLICATE_METHOD_MATCH = YES;
				"CODE_SIGN_IDENTITY[sdk=iphoneos*]" = "iPhone Developer";
				COPY_PHASE_STRIP = NO;
				DEBUG_INFORMATION_FORMAT = dwarf;
				ENABLE_STRICT_OBJC_MSGSEND = YES;
				ENABLE_TESTABILITY = YES;
				GCC_C_LANGUAGE_STANDARD = gnu99;
				GCC_DYNAMIC_NO_PIC = NO;
				GCC_NO_COMMON_BLOCKS = YES;
				GCC_OPTIMIZATION_LEVEL = 0;
				GCC_PREPROCESSOR_DEFINITIONS = (
					"DEBUG=1",
					"$(inherited)",
				);
				GCC_WARN_64_TO_32_BIT_CONVERSION = YES;
				GCC_WARN_ABOUT_RETURN_TYPE = YES_ERROR;
				GCC_WARN_UNDECLARED_SELECTOR = YES;
				GCC_WARN_UNINITIALIZED_AUTOS = YES_AGGRESSIVE;
				GCC_WARN_UNUSED_FUNCTION = YES;
				GCC_WARN_UNUSED_VARIABLE = YES;
				IPHONEOS_DEPLOYMENT_TARGET = 10.3;
				MTL_ENABLE_DEBUG_INFO = YES;
				ONLY_ACTIVE_ARCH = YES;
				SDKROOT = iphoneos;
				SWIFT_ACTIVE_COMPILATION_CONDITIONS = DEBUG;
				SWIFT_OPTIMIZATION_LEVEL = "-Onone";
			};
			name = Debug;
		};
		7A8A31131F4CD62000D700A1 /* Release */ = {
			isa = XCBuildConfiguration;
			buildSettings = {
				ALWAYS_SEARCH_USER_PATHS = NO;
				CLANG_ANALYZER_NONNULL = YES;
				CLANG_ANALYZER_NUMBER_OBJECT_CONVERSION = YES_AGGRESSIVE;
				CLANG_CXX_LANGUAGE_STANDARD = "gnu++0x";
				CLANG_CXX_LIBRARY = "libc++";
				CLANG_ENABLE_MODULES = YES;
				CLANG_ENABLE_OBJC_ARC = YES;
				CLANG_WARN_BOOL_CONVERSION = YES;
				CLANG_WARN_CONSTANT_CONVERSION = YES;
				CLANG_WARN_DIRECT_OBJC_ISA_USAGE = YES_ERROR;
				CLANG_WARN_DOCUMENTATION_COMMENTS = YES;
				CLANG_WARN_EMPTY_BODY = YES;
				CLANG_WARN_ENUM_CONVERSION = YES;
				CLANG_WARN_INFINITE_RECURSION = YES;
				CLANG_WARN_INT_CONVERSION = YES;
				CLANG_WARN_OBJC_ROOT_CLASS = YES_ERROR;
				CLANG_WARN_SUSPICIOUS_MOVE = YES;
				CLANG_WARN_UNREACHABLE_CODE = YES;
				CLANG_WARN__DUPLICATE_METHOD_MATCH = YES;
				"CODE_SIGN_IDENTITY[sdk=iphoneos*]" = "iPhone Developer";
				COPY_PHASE_STRIP = NO;
				DEBUG_INFORMATION_FORMAT = "dwarf-with-dsym";
				ENABLE_NS_ASSERTIONS = NO;
				ENABLE_STRICT_OBJC_MSGSEND = YES;
				GCC_C_LANGUAGE_STANDARD = gnu99;
				GCC_NO_COMMON_BLOCKS = YES;
				GCC_WARN_64_TO_32_BIT_CONVERSION = YES;
				GCC_WARN_ABOUT_RETURN_TYPE = YES_ERROR;
				GCC_WARN_UNDECLARED_SELECTOR = YES;
				GCC_WARN_UNINITIALIZED_AUTOS = YES_AGGRESSIVE;
				GCC_WARN_UNUSED_FUNCTION = YES;
				GCC_WARN_UNUSED_VARIABLE = YES;
				IPHONEOS_DEPLOYMENT_TARGET = 10.3;
				MTL_ENABLE_DEBUG_INFO = NO;
				SDKROOT = iphoneos;
				SWIFT_OPTIMIZATION_LEVEL = "-Owholemodule";
				VALIDATE_PRODUCT = YES;
			};
			name = Release;
		};
		7A8A31151F4CD62000D700A1 /* Debug */ = {
			isa = XCBuildConfiguration;
			buildSettings = {
				ASSETCATALOG_COMPILER_APPICON_NAME = AppIcon;
				INFOPLIST_FILE = InstaSample/Info.plist;
				LD_RUNPATH_SEARCH_PATHS = "$(inherited) @executable_path/Frameworks";
				PRODUCT_BUNDLE_IDENTIFIER = jp.co.ylab.InstaSample;
				PRODUCT_NAME = "$(TARGET_NAME)";
				SWIFT_VERSION = 3.0;
			};
			name = Debug;
		};
		7A8A31161F4CD62000D700A1 /* Release */ = {
			isa = XCBuildConfiguration;
			buildSettings = {
				ASSETCATALOG_COMPILER_APPICON_NAME = AppIcon;
				INFOPLIST_FILE = InstaSample/Info.plist;
				LD_RUNPATH_SEARCH_PATHS = "$(inherited) @executable_path/Frameworks";
				PRODUCT_BUNDLE_IDENTIFIER = jp.co.ylab.InstaSample;
				PRODUCT_NAME = "$(TARGET_NAME)";
				SWIFT_VERSION = 3.0;
			};
			name = Release;
		};
/* End XCBuildConfiguration section */

/* Begin XCConfigurationList section */
		7A8A30FD1F4CD61F00D700A1 /* Build configuration list for PBXProject "InstaSample" */ = {
			isa = XCConfigurationList;
			buildConfigurations = (
				7A8A31121F4CD62000D700A1 /* Debug */,
				7A8A31131F4CD62000D700A1 /* Release */,
			);
			defaultConfigurationIsVisible = 0;
			defaultConfigurationName = Release;
		};
		7A8A31141F4CD62000D700A1 /* Build configuration list for PBXNativeTarget "InstaSample" */ = {
			isa = XCConfigurationList;
			buildConfigurations = (
				7A8A31151F4CD62000D700A1 /* Debug */,
				7A8A31161F4CD62000D700A1 /* Release */,
			);
			defaultConfigurationIsVisible = 0;
		};
/* End XCConfigurationList section */
	};
	rootObject = 7A8A30FA1F4CD61F00D700A1 /* Project object */;
}
